# This file is automatically @generated by Cargo.
# It is not intended for manual editing.
version = 3

[[package]]
name = "crytex"
version = "0.1.0"
dependencies = [
 "crytex_log",
]

[[package]]
name = "crytex_log"
version = "0.1.0"

[[package]]
name = "sandbox"
version = "0.1.0"
dependencies = [
 "crytex",
]
